
Microsoft Visual Studio Solution File, Format Version 12.00
# Visual Studio Version 17
VisualStudioVersion = 17.13.35806.99
MinimumVisualStudioVersion = 10.0.40219.1
Project("{FAE04EC0-301F-11D3-BF4B-00C04F79EFBC}") = "02sqlConnectionDemo", "02sqlConnectionDemo\02sqlConnectionDemo.csproj", "{832BC171-2938-41E5-8B9E-97F356F9FD53}"
EndProject
Project("{FAE04EC0-301F-11D3-BF4B-00C04F79EFBC}") = "03 sqlConnectionStringBuliderDemo", "03 sqlConnectionStringBuliderDemo\03 sqlConnectionStringBuliderDemo.csproj", "{8E7BB374-8921-40EC-9240-F6E89D7FD031}"
EndProject
Project("{FAE04EC0-301F-11D3-BF4B-00C04F79EFBC}") = "04UserDemo", "04UserDemo\04UserDemo.csproj", "{B53ACE78-5DA1-410C-BE44-C643A30AABDE}"
EndProject
Project("{FAE04EC0-301F-11D3-BF4B-00C04F79EFBC}") = "05ConfigDemo", "05ConfigDemo\05ConfigDemo.csproj", "{7E21718A-031A-4CFA-BD5C-DF3BDA6A4661}"
EndProject
Project("{FAE04EC0-301F-11D3-BF4B-00C04F79EFBC}") = "06DataImport", "06DataImport\06DataImport.csproj", "{82CE6107-F14D-4227-A05A-ADBABC0ACA12}"
EndProject
Project("{FAE04EC0-301F-11D3-BF4B-00C04F79EFBC}") = "07PrivanceCitySelect", "07PrivanceCitySelect\07PrivanceCitySelect.csproj", "{1EC3E5B8-110A-4516-8A13-0826088249F1}"
EndProject
Global
	GlobalSection(SolutionConfigurationPlatforms) = preSolution
		Debug|Any CPU = Debug|Any CPU
		Release|Any CPU = Release|Any CPU
	EndGlobalSection
	GlobalSection(ProjectConfigurationPlatforms) = postSolution
		{832BC171-2938-41E5-8B9E-97F356F9FD53}.Debug|Any CPU.ActiveCfg = Debug|Any CPU
		{832BC171-2938-41E5-8B9E-97F356F9FD53}.Debug|Any CPU.Build.0 = Debug|Any CPU
		{832BC171-2938-41E5-8B9E-97F356F9FD53}.Release|Any CPU.ActiveCfg = Release|Any CPU
		{832BC171-2938-41E5-8B9E-97F356F9FD53}.Release|Any CPU.Build.0 = Release|Any CPU
		{8E7BB374-8921-40EC-9240-F6E89D7FD031}.Debug|Any CPU.ActiveCfg = Debug|Any CPU
		{8E7BB374-8921-40EC-9240-F6E89D7FD031}.Debug|Any CPU.Build.0 = Debug|Any CPU
		{8E7BB374-8921-40EC-9240-F6E89D7FD031}.Release|Any CPU.ActiveCfg = Release|Any CPU
		{8E7BB374-8921-40EC-9240-F6E89D7FD031}.Release|Any CPU.Build.0 = Release|Any CPU
		{B53ACE78-5DA1-410C-BE44-C643A30AABDE}.Debug|Any CPU.ActiveCfg = Debug|Any CPU
		{B53ACE78-5DA1-410C-BE44-C643A30AABDE}.Debug|Any CPU.Build.0 = Debug|Any CPU
		{B53ACE78-5DA1-410C-BE44-C643A30AABDE}.Release|Any CPU.ActiveCfg = Release|Any CPU
		{B53ACE78-5DA1-410C-BE44-C643A30AABDE}.Release|Any CPU.Build.0 = Release|Any CPU
		{7E21718A-031A-4CFA-BD5C-DF3BDA6A4661}.Debug|Any CPU.ActiveCfg = Debug|Any CPU
		{7E21718A-031A-4CFA-BD5C-DF3BDA6A4661}.Debug|Any CPU.Build.0 = Debug|Any CPU
		{7E21718A-031A-4CFA-BD5C-DF3BDA6A4661}.Release|Any CPU.ActiveCfg = Release|Any CPU
		{7E21718A-031A-4CFA-BD5C-DF3BDA6A4661}.Release|Any CPU.Build.0 = Release|Any CPU
		{82CE6107-F14D-4227-A05A-ADBABC0ACA12}.Debug|Any CPU.ActiveCfg = Debug|Any CPU
		{82CE6107-F14D-4227-A05A-ADBABC0ACA12}.Debug|Any CPU.Build.0 = Debug|Any CPU
		{82CE6107-F14D-4227-A05A-ADBABC0ACA12}.Release|Any CPU.ActiveCfg = Release|Any CPU
		{82CE6107-F14D-4227-A05A-ADBABC0ACA12}.Release|Any CPU.Build.0 = Release|Any CPU
		{1EC3E5B8-110A-4516-8A13-0826088249F1}.Debug|Any CPU.ActiveCfg = Debug|Any CPU
		{1EC3E5B8-110A-4516-8A13-0826088249F1}.Debug|Any CPU.Build.0 = Debug|Any CPU
		{1EC3E5B8-110A-4516-8A13-0826088249F1}.Release|Any CPU.ActiveCfg = Release|Any CPU
		{1EC3E5B8-110A-4516-8A13-0826088249F1}.Release|Any CPU.Build.0 = Release|Any CPU
	EndGlobalSection
	GlobalSection(SolutionProperties) = preSolution
		HideSolutionNode = FALSE
	EndGlobalSection
	GlobalSection(ExtensibilityGlobals) = postSolution
		SolutionGuid = {B030B564-61C7-4BF6-82C8-FE2EBD3729CE}
	EndGlobalSection
EndGlobal
